<?xml version="1.0" encoding="utf-8"?>
<Project ToolsVersion="4.0" xmlns="http://schemas.microsoft.com/developer/msbuild/2003">
  <ItemGroup>
    <Filter Include="src">
      <UniqueIdentifier>{4FC737F1-C7A5-4376-A066-2A32D752A2FF}</UniqueIdentifier>
      <Extensions>cpp;c;cc;cxx;def;odl;idl;hpj;bat;asm;asmx</Extensions>
    </Filter>
    <Filter Include="src\objects">
      <UniqueIdentifier>{840b126b-344d-46ec-a03e-7d893a41dd2a}</UniqueIdentifier>
    </Filter>
  </ItemGroup>
  <ItemGroup>
    <ClCompile Include="..\..\src\ppm.c">
      <Filter>src</Filter>
    </ClCompile>
    <ClCompile Include="..\..\src\render.c">
      <Filter>src</Filter>
    </ClCompile>
    <ClCompile Include="..\..\src\job.c">
      <Filter>src</Filter>
    </ClCompile>
    <ClCompile Include="..\..\src\vector3.c">
      <Filter>src</Filter>
    </ClCompile>
    <ClCompile Include="..\..\src\debug.c">
      <Filter>src</Filter>
    </ClCompile>
    <ClCompile Include="..\..\src\main.c">
      <Filter>src</Filter>
    </ClCompile>
    <ClCompile Include="..\..\src\ray.c">
      <Filter>src</Filter>
    </ClCompile>
    <ClCompile Include="..\..\src\point_light.c">
      <Filter>src</Filter>
    </ClCompile>
    <ClCompile Include="..\..\src\color.c">
      <Filter>src</Filter>
    </ClCompile>
    <ClCompile Include="..\..\src\scene.c">
      <Filter>src</Filter>
    </ClCompile>
    <ClCompile Include="..\..\src\camera.c">
      <Filter>src</Filter>
    </ClCompile>
    <ClCompile Include="..\..\src\sphere.c">
      <Filter>src</Filter>
    </ClCompile>
  </ItemGroup>
  <ItemGroup>
    <ClInclude Include="..\..\src\color.h">
      <Filter>src</Filter>
    </ClInclude>
    <ClInclude Include="..\..\src\debug.h">
      <Filter>src</Filter>
    </ClInclude>
    <ClInclude Include="..\..\src\job.h">
      <Filter>src</Filter>
    </ClInclude>
    <ClInclude Include="..\..\src\point_light.h">
      <Filter>src</Filter>
    </ClInclude>
    <ClInclude Include="..\..\src\ppm.h">
      <Filter>src</Filter>
    </ClInclude>
    <ClInclude Include="..\..\src\ray.h">
      <Filter>src</Filter>
    </ClInclude>
    <ClInclude Include="..\..\src\render.h">
      <Filter>src</Filter>
    </ClInclude>
    <ClInclude Include="..\..\src\vector3.h">
      <Filter>src</Filter>
    </ClInclude>
    <ClInclude Include="..\..\src\camera.h">
      <Filter>src</Filter>
    </ClInclude>
    <ClInclude Include="..\..\src\scene.h">
      <Filter>src</Filter>
    </ClInclude>
    <ClInclude Include="..\..\src\sphere.h" />
    <ClInclude Include="..\..\src\triangle.h" />
  </ItemGroup>
</Project>